# THIS IS AN AUTOGENERATED FILE. DO NOT EDIT THIS FILE DIRECTLY.
# yarn lockfile v1


"@babel/runtime@^7.11.2":
  version "7.13.9"
  resolved "https://bnpm.byted.org/@babel/runtime/-/@babel/runtime-7.13.9.tgz#97dbe2116e2630c489f22e0656decd60aaa1fcee"
  integrity sha1-l9viEW4mMMSJ8i4GVt7NYKqh/O4=
  dependencies:
    regenerator-runtime "^0.13.4"

"@fe/tiger_show1@^0.1.0":
  version "0.1.0"
  resolved "https://bnpm.byted.org/@fe/tiger_show1/-/@fe/tiger_show1-0.1.0.tgz#c0193b6e8335f3cfc34ee329ecf17e7f3af6c183"
  integrity sha1-wBk7boM188/DTuMp7PF+fzr2wYM=
  dependencies:
    "@babel/runtime" "^7.11.2"

"@types/prop-types@*":
  version "15.7.3"
  resolved "https://bnpm.byted.org/@types/prop-types/-/@types/prop-types-15.7.3.tgz#2ab0d5da2e5815f94b0b9d4b95d1e5f243ab2ca7"
  integrity sha1-KrDV2i5YFflLC51LldHl8kOrLKc=

"@types/react@^17.0.2":
  version "17.0.2"
  resolved "https://bnpm.byted.org/@types/react/-/@types/react-17.0.2.tgz#3de24c4efef902dd9795a49c75f760cbe4f7a5a8"
  integrity sha1-PeJMTv75At2XlaScdfdgy+T3pag=
  dependencies:
    "@types/prop-types" "*"
    csstype "^3.0.2"

csstype@^3.0.2:
  version "3.0.7"
  resolved "https://bnpm.byted.org/csstype/-/csstype-3.0.7.tgz#2a5fb75e1015e84dd15692f71e89a1450290950b"
  integrity sha1-Kl+3XhAV6E3RVpL3HomhRQKQlQs=

"js-tokens@^3.0.0 || ^4.0.0":
  version "4.0.0"
  resolved "https://bnpm.byted.org/js-tokens/-/js-tokens-4.0.0.tgz#19203fb59991df98e3a287050d4647cdeaf32499"
  integrity sha1-GSA/tZmR35jjoocFDUZHzerzJJk=

loose-envify@^1.1.0:
  version "1.4.0"
  resolved "https://bnpm.byted.org/loose-envify/-/loose-envify-1.4.0.tgz#71ee51fa7be4caec1a63839f7e682d8132d30caf"
  integrity sha1-ce5R+nvkyuwaY4OffmgtgTLTDK8=
  dependencies:
    js-tokens "^3.0.0 || ^4.0.0"

object-assign@^4.1.1:
  version "4.1.1"
  resolved "https://bnpm.byted.org/object-assign/-/object-assign-4.1.1.tgz#2109adc7965887cfc05cbbd442cac8bfbb360863"
  integrity sha1-IQmtx5ZYh8/AXLvUQsrIv7s2CGM=

react@^17.0.1:
  version "17.0.1"
  resolved "https://bnpm.byted.org/react/-/react-17.0.1.tgz#6e0600416bd57574e3f86d92edba3d9008726127"
  integrity sha1-bgYAQWvVdXTj+G2S7bo9kAhyYSc=
  dependencies:
    loose-envify "^1.1.0"
    object-assign "^4.1.1"

regenerator-runtime@^0.13.4:
  version "0.13.7"
  resolved "https://bnpm.byted.org/regenerator-runtime/-/regenerator-runtime-0.13.7.tgz#cac2dacc8a1ea675feaabaeb8ae833898ae46f55"
  integrity sha1-ysLazIoepnX+qrrriugziYrkb1U=
